
Microsoft Visual Studio Solution File, Format Version 12.00
# Visual Studio Version 16
VisualStudioVersion = 16.0.28922.388
MinimumVisualStudioVersion = 10.0.40219.1
Project("{FAE04EC0-301F-11D3-BF4B-00C04F79EFBC}") = "CountCharacters", "CountCharacters\CountCharacters.csproj", "{1FB3440C-9594-4A74-8753-4A2E0033A828}"
EndProject
Global
	GlobalSection(SolutionConfigurationPlatforms) = preSolution
		Debug|Any CPU = Debug|Any CPU
		Release|Any CPU = Release|Any CPU
	EndGlobalSection
	GlobalSection(ProjectConfigurationPlatforms) = postSolution
		{1FB3440C-9594-4A74-8753-4A2E0033A828}.Debug|Any CPU.ActiveCfg = Debug|Any CPU
		{1FB3440C-9594-4A74-8753-4A2E0033A828}.Debug|Any CPU.Build.0 = Debug|Any CPU
		{1FB3440C-9594-4A74-8753-4A2E0033A828}.Release|Any CPU.ActiveCfg = Release|Any CPU
		{1FB3440C-9594-4A74-8753-4A2E0033A828}.Release|Any CPU.Build.0 = Release|Any CPU
	EndGlobalSection
	GlobalSection(SolutionProperties) = preSolution
		HideSolutionNode = FALSE
	EndGlobalSection
	GlobalSection(ExtensibilityGlobals) = postSolution
		SolutionGuid = {F7B4E0C1-BE25-45FA-941B-3408E472E234}
	EndGlobalSection
EndGlobal
